
Microsoft Visual Studio Solution File, Format Version 12.00
# Visual Studio Version 16
VisualStudioVersion = 16.0.29613.14
MinimumVisualStudioVersion = 10.0.40219.1
Project("{FAE04EC0-301F-11D3-BF4B-00C04F79EFBC}") = "EFMVC.Core", "EFMVC.Core\EFMVC.Core.csproj", "{C73D0DF7-D21B-4E15-A8AA-70540236D452}"
EndProject
Project("{FAE04EC0-301F-11D3-BF4B-00C04F79EFBC}") = "EFMVC.Model", "EFMVC.Model\EFMVC.Model.csproj", "{0CB7B2DB-AECA-421A-AA9F-BFF8B532D535}"
EndProject
Project("{FAE04EC0-301F-11D3-BF4B-00C04F79EFBC}") = "EFMVC.Data", "EFMVC.Data\EFMVC.Data.csproj", "{6A4C3B88-230D-4C19-945E-4685876AA31D}"
EndProject
Project("{FAE04EC0-301F-11D3-BF4B-00C04F79EFBC}") = "EFMVC.CommandProcessor", "EFMVC.CommandProcessor\EFMVC.CommandProcessor.csproj", "{955FD94A-BBC1-4469-889A-740FB98338DE}"
EndProject
Project("{FAE04EC0-301F-11D3-BF4B-00C04F79EFBC}") = "EFMVC.Domain", "EFMVC.Domain\EFMVC.Domain.csproj", "{5AA95E73-CBDD-460E-96F9-4A3DA709DFE0}"
EndProject
Project("{FAE04EC0-301F-11D3-BF4B-00C04F79EFBC}") = "EFMVC.Web.Core", "EFMVC.Web.Core\EFMVC.Web.Core.csproj", "{DBF57927-89DB-4526-A8E0-5C5AC90096B1}"
EndProject
Project("{FAE04EC0-301F-11D3-BF4B-00C04F79EFBC}") = "EFMVC.Web", "EFMVC.Web\EFMVC.Web.csproj", "{169AFE38-1CA2-4624-BDC4-78C6653B04BD}"
EndProject
Project("{2150E333-8FDC-42A3-9474-1A3956D46DE8}") = ".nuget", ".nuget", "{9C7FD58F-A42B-4811-965D-19675A8FDE1D}"
	ProjectSection(SolutionItems) = preProject
		.nuget\NuGet.Config = .nuget\NuGet.Config
		.nuget\NuGet.exe = .nuget\NuGet.exe
		.nuget\NuGet.targets = .nuget\NuGet.targets
	EndProjectSection
EndProject
Project("{FAE04EC0-301F-11D3-BF4B-00C04F79EFBC}") = "EFMVC.EF", "EFMVC.EF\EFMVC.EF.csproj", "{99825C68-64B8-4082-A18D-E2EC277B2992}"
EndProject
Project("{FAE04EC0-301F-11D3-BF4B-00C04F79EFBC}") = "EFMVC.MediaTransfer", "EFMVC.MediaTransfer\EFMVC.MediaTransfer.csproj", "{AEC70041-BA00-4B44-98E2-D4486A4067B9}"
EndProject
Project("{FAE04EC0-301F-11D3-BF4B-00C04F79EFBC}") = "QuestionModelGenerator", "QuestionModelGenerator\QuestionModelGenerator.csproj", "{B4A57AFB-8545-471A-B9F9-41674039EC57}"
EndProject
Project("{FAE04EC0-301F-11D3-BF4B-00C04F79EFBC}") = "EFMVC.ProvisioningModel", "EFMVC.ProvisioningModel\EFMVC.ProvisioningModel.csproj", "{2A9EB3DB-91A8-4317-9EC7-379804BB7308}"
EndProject
Project("{FAE04EC0-301F-11D3-BF4B-00C04F79EFBC}") = "Adtones.Rollups.Data", "Adtones.Rollups.Data\Adtones.Rollups.Data.csproj", "{34C06D63-D252-451B-9902-F253EAC3FF34}"
EndProject
Global
	GlobalSection(SolutionConfigurationPlatforms) = preSolution
		CD_ROM|Any CPU = CD_ROM|Any CPU
		Debug|Any CPU = Debug|Any CPU
		DVD-5|Any CPU = DVD-5|Any CPU
		Release|Any CPU = Release|Any CPU
		SingleImage|Any CPU = SingleImage|Any CPU
	EndGlobalSection
	GlobalSection(ProjectConfigurationPlatforms) = postSolution
		{C73D0DF7-D21B-4E15-A8AA-70540236D452}.CD_ROM|Any CPU.ActiveCfg = Release|Any CPU
		{C73D0DF7-D21B-4E15-A8AA-70540236D452}.CD_ROM|Any CPU.Build.0 = Release|Any CPU
		{C73D0DF7-D21B-4E15-A8AA-70540236D452}.Debug|Any CPU.ActiveCfg = Debug|Any CPU
		{C73D0DF7-D21B-4E15-A8AA-70540236D452}.Debug|Any CPU.Build.0 = Debug|Any CPU
		{C73D0DF7-D21B-4E15-A8AA-70540236D452}.DVD-5|Any CPU.ActiveCfg = Debug|Any CPU
		{C73D0DF7-D21B-4E15-A8AA-70540236D452}.DVD-5|Any CPU.Build.0 = Debug|Any CPU
		{C73D0DF7-D21B-4E15-A8AA-70540236D452}.Release|Any CPU.ActiveCfg = Release|Any CPU
		{C73D0DF7-D21B-4E15-A8AA-70540236D452}.Release|Any CPU.Build.0 = Release|Any CPU
		{C73D0DF7-D21B-4E15-A8AA-70540236D452}.SingleImage|Any CPU.ActiveCfg = Release|Any CPU
		{C73D0DF7-D21B-4E15-A8AA-70540236D452}.SingleImage|Any CPU.Build.0 = Release|Any CPU
		{0CB7B2DB-AECA-421A-AA9F-BFF8B532D535}.CD_ROM|Any CPU.ActiveCfg = Release|Any CPU
		{0CB7B2DB-AECA-421A-AA9F-BFF8B532D535}.CD_ROM|Any CPU.Build.0 = Release|Any CPU
		{0CB7B2DB-AECA-421A-AA9F-BFF8B532D535}.Debug|Any CPU.ActiveCfg = Debug|Any CPU
		{0CB7B2DB-AECA-421A-AA9F-BFF8B532D535}.Debug|Any CPU.Build.0 = Debug|Any CPU
		{0CB7B2DB-AECA-421A-AA9F-BFF8B532D535}.DVD-5|Any CPU.ActiveCfg = Debug|Any CPU
		{0CB7B2DB-AECA-421A-AA9F-BFF8B532D535}.DVD-5|Any CPU.Build.0 = Debug|Any CPU
		{0CB7B2DB-AECA-421A-AA9F-BFF8B532D535}.Release|Any CPU.ActiveCfg = Release|Any CPU
		{0CB7B2DB-AECA-421A-AA9F-BFF8B532D535}.Release|Any CPU.Build.0 = Release|Any CPU
		{0CB7B2DB-AECA-421A-AA9F-BFF8B532D535}.SingleImage|Any CPU.ActiveCfg = Release|Any CPU
		{0CB7B2DB-AECA-421A-AA9F-BFF8B532D535}.SingleImage|Any CPU.Build.0 = Release|Any CPU
		{6A4C3B88-230D-4C19-945E-4685876AA31D}.CD_ROM|Any CPU.ActiveCfg = Release|Any CPU
		{6A4C3B88-230D-4C19-945E-4685876AA31D}.CD_ROM|Any CPU.Build.0 = Release|Any CPU
		{6A4C3B88-230D-4C19-945E-4685876AA31D}.Debug|Any CPU.ActiveCfg = Debug|Any CPU
		{6A4C3B88-230D-4C19-945E-4685876AA31D}.Debug|Any CPU.Build.0 = Debug|Any CPU
		{6A4C3B88-230D-4C19-945E-4685876AA31D}.DVD-5|Any CPU.ActiveCfg = Debug|Any CPU
		{6A4C3B88-230D-4C19-945E-4685876AA31D}.DVD-5|Any CPU.Build.0 = Debug|Any CPU
		{6A4C3B88-230D-4C19-945E-4685876AA31D}.Release|Any CPU.ActiveCfg = Release|Any CPU
		{6A4C3B88-230D-4C19-945E-4685876AA31D}.Release|Any CPU.Build.0 = Release|Any CPU
		{6A4C3B88-230D-4C19-945E-4685876AA31D}.SingleImage|Any CPU.ActiveCfg = Release|Any CPU
		{6A4C3B88-230D-4C19-945E-4685876AA31D}.SingleImage|Any CPU.Build.0 = Release|Any CPU
		{955FD94A-BBC1-4469-889A-740FB98338DE}.CD_ROM|Any CPU.ActiveCfg = Release|Any CPU
		{955FD94A-BBC1-4469-889A-740FB98338DE}.CD_ROM|Any CPU.Build.0 = Release|Any CPU
		{955FD94A-BBC1-4469-889A-740FB98338DE}.Debug|Any CPU.ActiveCfg = Debug|Any CPU
		{955FD94A-BBC1-4469-889A-740FB98338DE}.Debug|Any CPU.Build.0 = Debug|Any CPU
		{955FD94A-BBC1-4469-889A-740FB98338DE}.DVD-5|Any CPU.ActiveCfg = Debug|Any CPU
		{955FD94A-BBC1-4469-889A-740FB98338DE}.DVD-5|Any CPU.Build.0 = Debug|Any CPU
		{955FD94A-BBC1-4469-889A-740FB98338DE}.Release|Any CPU.ActiveCfg = Release|Any CPU
		{955FD94A-BBC1-4469-889A-740FB98338DE}.Release|Any CPU.Build.0 = Release|Any CPU
		{955FD94A-BBC1-4469-889A-740FB98338DE}.SingleImage|Any CPU.ActiveCfg = Release|Any CPU
		{955FD94A-BBC1-4469-889A-740FB98338DE}.SingleImage|Any CPU.Build.0 = Release|Any CPU
		{5AA95E73-CBDD-460E-96F9-4A3DA709DFE0}.CD_ROM|Any CPU.ActiveCfg = Release|Any CPU
		{5AA95E73-CBDD-460E-96F9-4A3DA709DFE0}.CD_ROM|Any CPU.Build.0 = Release|Any CPU
		{5AA95E73-CBDD-460E-96F9-4A3DA709DFE0}.Debug|Any CPU.ActiveCfg = Debug|Any CPU
		{5AA95E73-CBDD-460E-96F9-4A3DA709DFE0}.Debug|Any CPU.Build.0 = Debug|Any CPU
		{5AA95E73-CBDD-460E-96F9-4A3DA709DFE0}.DVD-5|Any CPU.ActiveCfg = Debug|Any CPU
		{5AA95E73-CBDD-460E-96F9-4A3DA709DFE0}.DVD-5|Any CPU.Build.0 = Debug|Any CPU
		{5AA95E73-CBDD-460E-96F9-4A3DA709DFE0}.Release|Any CPU.ActiveCfg = Release|Any CPU
		{5AA95E73-CBDD-460E-96F9-4A3DA709DFE0}.Release|Any CPU.Build.0 = Release|Any CPU
		{5AA95E73-CBDD-460E-96F9-4A3DA709DFE0}.SingleImage|Any CPU.ActiveCfg = Release|Any CPU
		{5AA95E73-CBDD-460E-96F9-4A3DA709DFE0}.SingleImage|Any CPU.Build.0 = Release|Any CPU
		{DBF57927-89DB-4526-A8E0-5C5AC90096B1}.CD_ROM|Any CPU.ActiveCfg = Release|Any CPU
		{DBF57927-89DB-4526-A8E0-5C5AC90096B1}.CD_ROM|Any CPU.Build.0 = Release|Any CPU
		{DBF57927-89DB-4526-A8E0-5C5AC90096B1}.Debug|Any CPU.ActiveCfg = Debug|Any CPU
		{DBF57927-89DB-4526-A8E0-5C5AC90096B1}.Debug|Any CPU.Build.0 = Debug|Any CPU
		{DBF57927-89DB-4526-A8E0-5C5AC90096B1}.DVD-5|Any CPU.ActiveCfg = Debug|Any CPU
		{DBF57927-89DB-4526-A8E0-5C5AC90096B1}.DVD-5|Any CPU.Build.0 = Debug|Any CPU
		{DBF57927-89DB-4526-A8E0-5C5AC90096B1}.Release|Any CPU.ActiveCfg = Release|Any CPU
		{DBF57927-89DB-4526-A8E0-5C5AC90096B1}.Release|Any CPU.Build.0 = Release|Any CPU
		{DBF57927-89DB-4526-A8E0-5C5AC90096B1}.SingleImage|Any CPU.ActiveCfg = Release|Any CPU
		{DBF57927-89DB-4526-A8E0-5C5AC90096B1}.SingleImage|Any CPU.Build.0 = Release|Any CPU
		{169AFE38-1CA2-4624-BDC4-78C6653B04BD}.CD_ROM|Any CPU.ActiveCfg = Release|Any CPU
		{169AFE38-1CA2-4624-BDC4-78C6653B04BD}.CD_ROM|Any CPU.Build.0 = Release|Any CPU
		{169AFE38-1CA2-4624-BDC4-78C6653B04BD}.Debug|Any CPU.ActiveCfg = Debug|Any CPU
		{169AFE38-1CA2-4624-BDC4-78C6653B04BD}.Debug|Any CPU.Build.0 = Debug|Any CPU
		{169AFE38-1CA2-4624-BDC4-78C6653B04BD}.DVD-5|Any CPU.ActiveCfg = Debug|Any CPU
		{169AFE38-1CA2-4624-BDC4-78C6653B04BD}.DVD-5|Any CPU.Build.0 = Debug|Any CPU
		{169AFE38-1CA2-4624-BDC4-78C6653B04BD}.Release|Any CPU.ActiveCfg = Release|Any CPU
		{169AFE38-1CA2-4624-BDC4-78C6653B04BD}.Release|Any CPU.Build.0 = Release|Any CPU
		{169AFE38-1CA2-4624-BDC4-78C6653B04BD}.SingleImage|Any CPU.ActiveCfg = Release|Any CPU
		{169AFE38-1CA2-4624-BDC4-78C6653B04BD}.SingleImage|Any CPU.Build.0 = Release|Any CPU
		{99825C68-64B8-4082-A18D-E2EC277B2992}.CD_ROM|Any CPU.ActiveCfg = Release|Any CPU
		{99825C68-64B8-4082-A18D-E2EC277B2992}.CD_ROM|Any CPU.Build.0 = Release|Any CPU
		{99825C68-64B8-4082-A18D-E2EC277B2992}.Debug|Any CPU.ActiveCfg = Debug|Any CPU
		{99825C68-64B8-4082-A18D-E2EC277B2992}.Debug|Any CPU.Build.0 = Debug|Any CPU
		{99825C68-64B8-4082-A18D-E2EC277B2992}.DVD-5|Any CPU.ActiveCfg = Debug|Any CPU
		{99825C68-64B8-4082-A18D-E2EC277B2992}.DVD-5|Any CPU.Build.0 = Debug|Any CPU
		{99825C68-64B8-4082-A18D-E2EC277B2992}.Release|Any CPU.ActiveCfg = Release|Any CPU
		{99825C68-64B8-4082-A18D-E2EC277B2992}.Release|Any CPU.Build.0 = Release|Any CPU
		{99825C68-64B8-4082-A18D-E2EC277B2992}.SingleImage|Any CPU.ActiveCfg = Release|Any CPU
		{99825C68-64B8-4082-A18D-E2EC277B2992}.SingleImage|Any CPU.Build.0 = Release|Any CPU
		{AEC70041-BA00-4B44-98E2-D4486A4067B9}.CD_ROM|Any CPU.ActiveCfg = Release|Any CPU
		{AEC70041-BA00-4B44-98E2-D4486A4067B9}.CD_ROM|Any CPU.Build.0 = Release|Any CPU
		{AEC70041-BA00-4B44-98E2-D4486A4067B9}.Debug|Any CPU.ActiveCfg = Debug|Any CPU
		{AEC70041-BA00-4B44-98E2-D4486A4067B9}.Debug|Any CPU.Build.0 = Debug|Any CPU
		{AEC70041-BA00-4B44-98E2-D4486A4067B9}.DVD-5|Any CPU.ActiveCfg = Debug|Any CPU
		{AEC70041-BA00-4B44-98E2-D4486A4067B9}.DVD-5|Any CPU.Build.0 = Debug|Any CPU
		{AEC70041-BA00-4B44-98E2-D4486A4067B9}.Release|Any CPU.ActiveCfg = Release|Any CPU
		{AEC70041-BA00-4B44-98E2-D4486A4067B9}.Release|Any CPU.Build.0 = Release|Any CPU
		{AEC70041-BA00-4B44-98E2-D4486A4067B9}.SingleImage|Any CPU.ActiveCfg = Release|Any CPU
		{AEC70041-BA00-4B44-98E2-D4486A4067B9}.SingleImage|Any CPU.Build.0 = Release|Any CPU
		{B4A57AFB-8545-471A-B9F9-41674039EC57}.CD_ROM|Any CPU.ActiveCfg = Release|Any CPU
		{B4A57AFB-8545-471A-B9F9-41674039EC57}.CD_ROM|Any CPU.Build.0 = Release|Any CPU
		{B4A57AFB-8545-471A-B9F9-41674039EC57}.Debug|Any CPU.ActiveCfg = Debug|Any CPU
		{B4A57AFB-8545-471A-B9F9-41674039EC57}.Debug|Any CPU.Build.0 = Debug|Any CPU
		{B4A57AFB-8545-471A-B9F9-41674039EC57}.DVD-5|Any CPU.ActiveCfg = Debug|Any CPU
		{B4A57AFB-8545-471A-B9F9-41674039EC57}.DVD-5|Any CPU.Build.0 = Debug|Any CPU
		{B4A57AFB-8545-471A-B9F9-41674039EC57}.Release|Any CPU.ActiveCfg = Release|Any CPU
		{B4A57AFB-8545-471A-B9F9-41674039EC57}.Release|Any CPU.Build.0 = Release|Any CPU
		{B4A57AFB-8545-471A-B9F9-41674039EC57}.SingleImage|Any CPU.ActiveCfg = Release|Any CPU
		{B4A57AFB-8545-471A-B9F9-41674039EC57}.SingleImage|Any CPU.Build.0 = Release|Any CPU
		{2A9EB3DB-91A8-4317-9EC7-379804BB7308}.CD_ROM|Any CPU.ActiveCfg = Release|Any CPU
		{2A9EB3DB-91A8-4317-9EC7-379804BB7308}.CD_ROM|Any CPU.Build.0 = Release|Any CPU
		{2A9EB3DB-91A8-4317-9EC7-379804BB7308}.Debug|Any CPU.ActiveCfg = Debug|Any CPU
		{2A9EB3DB-91A8-4317-9EC7-379804BB7308}.Debug|Any CPU.Build.0 = Debug|Any CPU
		{2A9EB3DB-91A8-4317-9EC7-379804BB7308}.DVD-5|Any CPU.ActiveCfg = Debug|Any CPU
		{2A9EB3DB-91A8-4317-9EC7-379804BB7308}.DVD-5|Any CPU.Build.0 = Debug|Any CPU
		{2A9EB3DB-91A8-4317-9EC7-379804BB7308}.Release|Any CPU.ActiveCfg = Release|Any CPU
		{2A9EB3DB-91A8-4317-9EC7-379804BB7308}.Release|Any CPU.Build.0 = Release|Any CPU
		{2A9EB3DB-91A8-4317-9EC7-379804BB7308}.SingleImage|Any CPU.ActiveCfg = Release|Any CPU
		{2A9EB3DB-91A8-4317-9EC7-379804BB7308}.SingleImage|Any CPU.Build.0 = Release|Any CPU
		{34C06D63-D252-451B-9902-F253EAC3FF34}.CD_ROM|Any CPU.ActiveCfg = Release|Any CPU
		{34C06D63-D252-451B-9902-F253EAC3FF34}.CD_ROM|Any CPU.Build.0 = Release|Any CPU
		{34C06D63-D252-451B-9902-F253EAC3FF34}.Debug|Any CPU.ActiveCfg = Debug|Any CPU
		{34C06D63-D252-451B-9902-F253EAC3FF34}.Debug|Any CPU.Build.0 = Debug|Any CPU
		{34C06D63-D252-451B-9902-F253EAC3FF34}.DVD-5|Any CPU.ActiveCfg = Debug|Any CPU
		{34C06D63-D252-451B-9902-F253EAC3FF34}.DVD-5|Any CPU.Build.0 = Debug|Any CPU
		{34C06D63-D252-451B-9902-F253EAC3FF34}.Release|Any CPU.ActiveCfg = Release|Any CPU
		{34C06D63-D252-451B-9902-F253EAC3FF34}.Release|Any CPU.Build.0 = Release|Any CPU
		{34C06D63-D252-451B-9902-F253EAC3FF34}.SingleImage|Any CPU.ActiveCfg = Release|Any CPU
		{34C06D63-D252-451B-9902-F253EAC3FF34}.SingleImage|Any CPU.Build.0 = Release|Any CPU
	EndGlobalSection
	GlobalSection(SolutionProperties) = preSolution
		HideSolutionNode = FALSE
	EndGlobalSection
	GlobalSection(ExtensibilityGlobals) = postSolution
		SolutionGuid = {1D48F360-811F-4CEA-87CE-F3E8FD71F260}
		EnterpriseLibraryConfigurationToolBinariesPath = packages\Unity.2.1.505.0\lib\NET35
	EndGlobalSection
EndGlobal
